// !$*UTF8*$!
{
	archiveVersion = 1;
	classes = {
	};
	objectVersion = 56;
	objects = {

/* Begin PBXBuildFile section */
		BEFAC7D52A9A8AE000661089 /* AppDelegate.swift in Sources */ = {isa = PBXBuildFile; fileRef = BEFAC7D42A9A8AE000661089 /* AppDelegate.swift */; };
		BEFAC7D92A9A8AE000661089 /* ViewController.swift in Sources */ = {isa = PBXBuildFile; fileRef = BEFAC7D82A9A8AE000661089 /* ViewController.swift */; };
		BEFAC7DE2A9A8AE900661089 /* Assets.xcassets in Resources */ = {isa = PBXBuildFile; fileRef = BEFAC7DD2A9A8AE900661089 /* Assets.xcassets */; };
		BEFAC7E12A9A8AE900661089 /* LaunchScreen.storyboard in Resources */ = {isa = PBXBuildFile; fileRef = BEFAC7DF2A9A8AE900661089 /* LaunchScreen.storyboard */; };
		BEFAC7ED2A9A8B3E00661089 /* CombineCocoa in Frameworks */ = {isa = PBXBuildFile; productRef = BEFAC7EC2A9A8B3E00661089 /* CombineCocoa */; };
		BEFAC7F02A9A8B5B00661089 /* SnapKit in Frameworks */ = {isa = PBXBuildFile; productRef = BEFAC7EF2A9A8B5B00661089 /* SnapKit */; };
		BEFAC7F42A9A8D8500661089 /* UIColor+Extension.swift in Sources */ = {isa = PBXBuildFile; fileRef = BEFAC7F32A9A8D8500661089 /* UIColor+Extension.swift */; };
/* End PBXBuildFile section */

/* Begin PBXFileReference section */
		BEFAC7D12A9A8AE000661089 /* Fitty.app */ = {isa = PBXFileReference; explicitFileType = wrapper.application; includeInIndex = 0; path = Fitty.app; sourceTree = BUILT_PRODUCTS_DIR; };
		BEFAC7D42A9A8AE000661089 /* AppDelegate.swift */ = {isa = PBXFileReference; lastKnownFileType = sourcecode.swift; path = AppDelegate.swift; sourceTree = "<group>"; };
		BEFAC7D82A9A8AE000661089 /* ViewController.swift */ = {isa = PBXFileReference; lastKnownFileType = sourcecode.swift; path = ViewController.swift; sourceTree = "<group>"; };
		BEFAC7DD2A9A8AE900661089 /* Assets.xcassets */ = {isa = PBXFileReference; lastKnownFileType = folder.assetcatalog; path = Assets.xcassets; sourceTree = "<group>"; };
		BEFAC7E02A9A8AE900661089 /* Base */ = {isa = PBXFileReference; lastKnownFileType = file.storyboard; name = Base; path = Base.lproj/LaunchScreen.storyboard; sourceTree = "<group>"; };
		BEFAC7E22A9A8AE900661089 /* Info.plist */ = {isa = PBXFileReference; lastKnownFileType = text.plist.xml; path = Info.plist; sourceTree = "<group>"; };
		BEFAC7F32A9A8D8500661089 /* UIColor+Extension.swift */ = {isa = PBXFileReference; lastKnownFileType = sourcecode.swift; path = "UIColor+Extension.swift"; sourceTree = "<group>"; };
/* End PBXFileReference section */

/* Begin PBXFrameworksBuildPhase section */
		BEFAC7CE2A9A8ADF00661089 /* Frameworks */ = {
			isa = PBXFrameworksBuildPhase;
			buildActionMask = 2147483647;
			files = (
				BEFAC7ED2A9A8B3E00661089 /* CombineCocoa in Frameworks */,
				BEFAC7F02A9A8B5B00661089 /* SnapKit in Frameworks */,
			);
			runOnlyForDeploymentPostprocessing = 0;
		};
/* End PBXFrameworksBuildPhase section */

/* Begin PBXGroup section */
		BEFAC7C82A9A8ADF00661089 = {
			isa = PBXGroup;
			children = (
				BEFAC7D32A9A8AE000661089 /* Fitty */,
				BEFAC7D22A9A8AE000661089 /* Products */,
			);
			sourceTree = "<group>";
		};
		BEFAC7D22A9A8AE000661089 /* Products */ = {
			isa = PBXGroup;
			children = (
				BEFAC7D12A9A8AE000661089 /* Fitty.app */,
			);
			name = Products;
			sourceTree = "<group>";
		};
		BEFAC7D32A9A8AE000661089 /* Fitty */ = {
			isa = PBXGroup;
			children = (
				BEFAC7F22A9A8D5700661089 /* Extensions */,
				BEFAC7D82A9A8AE000661089 /* ViewController.swift */,
				BEFAC7F12A9A8D3F00661089 /* Support */,
			);
			path = Fitty;
			sourceTree = "<group>";
		};
		BEFAC7F12A9A8D3F00661089 /* Support */ = {
			isa = PBXGroup;
			children = (
				BEFAC7D42A9A8AE000661089 /* AppDelegate.swift */,
				BEFAC7DD2A9A8AE900661089 /* Assets.xcassets */,
				BEFAC7DF2A9A8AE900661089 /* LaunchScreen.storyboard */,
				BEFAC7E22A9A8AE900661089 /* Info.plist */,
			);
			name = Support;
			sourceTree = "<group>";
		};
		BEFAC7F22A9A8D5700661089 /* Extensions */ = {
			isa = PBXGroup;
			children = (
				BEFAC7F32A9A8D8500661089 /* UIColor+Extension.swift */,
			);
			name = Extensions;
			sourceTree = "<group>";
		};
/* End PBXGroup section */

/* Begin PBXNativeTarget section */
		BEFAC7D02A9A8ADF00661089 /* Fitty */ = {
			isa = PBXNativeTarget;
			buildConfigurationList = BEFAC7E52A9A8AE900661089 /* Build configuration list for PBXNativeTarget "Fitty" */;
			buildPhases = (
				BEFAC7CD2A9A8ADF00661089 /* Sources */,
				BEFAC7CE2A9A8ADF00661089 /* Frameworks */,
				BEFAC7CF2A9A8ADF00661089 /* Resources */,
			);
			buildRules = (
			);
			dependencies = (
			);
			name = Fitty;
			packageProductDependencies = (
				BEFAC7EC2A9A8B3E00661089 /* CombineCocoa */,
				BEFAC7EF2A9A8B5B00661089 /* SnapKit */,
			);
			productName = Fitty;
			productReference = BEFAC7D12A9A8AE000661089 /* Fitty.app */;
			productType = "com.apple.product-type.application";
		};
/* End PBXNativeTarget section */

/* Begin PBXProject section */
		BEFAC7C92A9A8ADF00661089 /* Project object */ = {
			isa = PBXProject;
			attributes = {
				BuildIndependentTargetsInParallel = 1;
				LastSwiftUpdateCheck = 1420;
				LastUpgradeCheck = 1420;
				TargetAttributes = {
					BEFAC7D02A9A8ADF00661089 = {
						CreatedOnToolsVersion = 14.2;
					};
				};
			};
			buildConfigurationList = BEFAC7CC2A9A8ADF00661089 /* Build configuration list for PBXProject "Fitty" */;
			compatibilityVersion = "Xcode 14.0";
			developmentRegion = en;
			hasScannedForEncodings = 0;
			knownRegions = (
				en,
				Base,
			);
			mainGroup = BEFAC7C82A9A8ADF00661089;
			packageReferences = (
				BEFAC7EB2A9A8B3E00661089 /* XCRemoteSwiftPackageReference "CombineCocoa" */,
				BEFAC7EE2A9A8B5B00661089 /* XCRemoteSwiftPackageReference "SnapKit" */,
			);
			productRefGroup = BEFAC7D22A9A8AE000661089 /* Products */;
			projectDirPath = "";
			projectRoot = "";
			targets = (
				BEFAC7D02A9A8ADF00661089 /* Fitty */,
			);
		};
/* End PBXProject section */

/* Begin PBXResourcesBuildPhase section */
		BEFAC7CF2A9A8ADF00661089 /* Resources */ = {
			isa = PBXResourcesBuildPhase;
			buildActionMask = 2147483647;
			files = (
				BEFAC7E12A9A8AE900661089 /* LaunchScreen.storyboard in Resources */,
				BEFAC7DE2A9A8AE900661089 /* Assets.xcassets in Resources */,
			);
			runOnlyForDeploymentPostprocessing = 0;
		};
/* End PBXResourcesBuildPhase section */

/* Begin PBXSourcesBuildPhase section */
		BEFAC7CD2A9A8ADF00661089 /* Sources */ = {
			isa = PBXSourcesBuildPhase;
			buildActionMask = 2147483647;
			files = (
				BEFAC7F42A9A8D8500661089 /* UIColor+Extension.swift in Sources */,
				BEFAC7D92A9A8AE000661089 /* ViewController.swift in Sources */,
				BEFAC7D52A9A8AE000661089 /* AppDelegate.swift in Sources */,
			);
			runOnlyForDeploymentPostprocessing = 0;
		};
/* End PBXSourcesBuildPhase section */

/* Begin PBXVariantGroup section */
		BEFAC7DF2A9A8AE900661089 /* LaunchScreen.storyboard */ = {
			isa = PBXVariantGroup;
			children = (
				BEFAC7E02A9A8AE900661089 /* Base */,
			);
			name = LaunchScreen.storyboard;
			sourceTree = "<group>";
		};
/* End PBXVariantGroup section */

/* Begin XCBuildConfiguration section */
		BEFAC7E32A9A8AE900661089 /* Debug */ = {
			isa = XCBuildConfiguration;
			buildSettings = {
				ALWAYS_SEARCH_USER_PATHS = NO;
				CLANG_ANALYZER_NONNULL = YES;
				CLANG_ANALYZER_NUMBER_OBJECT_CONVERSION = YES_AGGRESSIVE;
				CLANG_CXX_LANGUAGE_STANDARD = "gnu++20";
				CLANG_ENABLE_MODULES = YES;
				CLANG_ENABLE_OBJC_ARC = YES;
				CLANG_ENABLE_OBJC_WEAK = YES;
				CLANG_WARN_BLOCK_CAPTURE_AUTORELEASING = YES;
				CLANG_WARN_BOOL_CONVERSION = YES;
				CLANG_WARN_COMMA = YES;
				CLANG_WARN_CONSTANT_CONVERSION = YES;
				CLANG_WARN_DEPRECATED_OBJC_IMPLEMENTATIONS = YES;
				CLANG_WARN_DIRECT_OBJC_ISA_USAGE = YES_ERROR;
				CLANG_WARN_DOCUMENTATION_COMMENTS = YES;
				CLANG_WARN_EMPTY_BODY = YES;
				CLANG_WARN_ENUM_CONVERSION = YES;
				CLANG_WARN_INFINITE_RECURSION = YES;
				CLANG_WARN_INT_CONVERSION = YES;
				CLANG_WARN_NON_LITERAL_NULL_CONVERSION = YES;
				CLANG_WARN_OBJC_IMPLICIT_RETAIN_SELF = YES;
				CLANG_WARN_OBJC_LITERAL_CONVERSION = YES;
				CLANG_WARN_OBJC_ROOT_CLASS = YES_ERROR;
				CLANG_WARN_QUOTED_INCLUDE_IN_FRAMEWORK_HEADER = YES;
				CLANG_WARN_RANGE_LOOP_ANALYSIS = YES;
				CLANG_WARN_STRICT_PROTOTYPES = YES;
				CLANG_WARN_SUSPICIOUS_MOVE = YES;
				CLANG_WARN_UNGUARDED_AVAILABILITY = YES_AGGRESSIVE;
				CLANG_WARN_UNREACHABLE_CODE = YES;
				CLANG_WARN__DUPLICATE_METHOD_MATCH = YES;
				COPY_PHASE_STRIP = NO;
				DEBUG_INFORMATION_FORMAT = dwarf;
				ENABLE_STRICT_OBJC_MSGSEND = YES;
				ENABLE_TESTABILITY = YES;
				GCC_C_LANGUAGE_STANDARD = gnu11;
				GCC_DYNAMIC_NO_PIC = NO;
				GCC_NO_COMMON_BLOCKS = YES;
				GCC_OPTIMIZATION_LEVEL = 0;
				GCC_PREPROCESSOR_DEFINITIONS = (
					"DEBUG=1",
					"$(inherited)",
				);
				GCC_WARN_64_TO_32_BIT_CONVERSION = YES;
				GCC_WARN_ABOUT_RETURN_TYPE = YES_ERROR;
				GCC_WARN_UNDECLARED_SELECTOR = YES;
				GCC_WARN_UNINITIALIZED_AUTOS = YES_AGGRESSIVE;
				GCC_WARN_UNUSED_FUNCTION = YES;
				GCC_WARN_UNUSED_VARIABLE = YES;
				IPHONEOS_DEPLOYMENT_TARGET = 16.2;
				MTL_ENABLE_DEBUG_INFO = INCLUDE_SOURCE;
				MTL_FAST_MATH = YES;
				ONLY_ACTIVE_ARCH = YES;
				SDKROOT = iphoneos;
				SWIFT_ACTIVE_COMPILATION_CONDITIONS = DEBUG;
				SWIFT_OPTIMIZATION_LEVEL = "-Onone";
			};
			name = Debug;
		};
		BEFAC7E42A9A8AE900661089 /* Release */ = {
			isa = XCBuildConfiguration;
			buildSettings = {
				ALWAYS_SEARCH_USER_PATHS = NO;
				CLANG_ANALYZER_NONNULL = YES;
				CLANG_ANALYZER_NUMBER_OBJECT_CONVERSION = YES_AGGRESSIVE;
				CLANG_CXX_LANGUAGE_STANDARD = "gnu++20";
				CLANG_ENABLE_MODULES = YES;
				CLANG_ENABLE_OBJC_ARC = YES;
				CLANG_ENABLE_OBJC_WEAK = YES;
				CLANG_WARN_BLOCK_CAPTURE_AUTORELEASING = YES;
				CLANG_WARN_BOOL_CONVERSION = YES;
				CLANG_WARN_COMMA = YES;
				CLANG_WARN_CONSTANT_CONVERSION = YES;
				CLANG_WARN_DEPRECATED_OBJC_IMPLEMENTATIONS = YES;
				CLANG_WARN_DIRECT_OBJC_ISA_USAGE = YES_ERROR;
				CLANG_WARN_DOCUMENTATION_COMMENTS = YES;
				CLANG_WARN_EMPTY_BODY = YES;
				CLANG_WARN_ENUM_CONVERSION = YES;
				CLANG_WARN_INFINITE_RECURSION = YES;
				CLANG_WARN_INT_CONVERSION = YES;
				CLANG_WARN_NON_LITERAL_NULL_CONVERSION = YES;
				CLANG_WARN_OBJC_IMPLICIT_RETAIN_SELF = YES;
				CLANG_WARN_OBJC_LITERAL_CONVERSION = YES;
				CLANG_WARN_OBJC_ROOT_CLASS = YES_ERROR;
				CLANG_WARN_QUOTED_INCLUDE_IN_FRAMEWORK_HEADER = YES;
				CLANG_WARN_RANGE_LOOP_ANALYSIS = YES;
				CLANG_WARN_STRICT_PROTOTYPES = YES;
				CLANG_WARN_SUSPICIOUS_MOVE = YES;
				CLANG_WARN_UNGUARDED_AVAILABILITY = YES_AGGRESSIVE;
				CLANG_WARN_UNREACHABLE_CODE = YES;
				CLANG_WARN__DUPLICATE_METHOD_MATCH = YES;
				COPY_PHASE_STRIP = NO;
				DEBUG_INFORMATION_FORMAT = "dwarf-with-dsym";
				ENABLE_NS_ASSERTIONS = NO;
				ENABLE_STRICT_OBJC_MSGSEND = YES;
				GCC_C_LANGUAGE_STANDARD = gnu11;
				GCC_NO_COMMON_BLOCKS = YES;
				GCC_WARN_64_TO_32_BIT_CONVERSION = YES;
				GCC_WARN_ABOUT_RETURN_TYPE = YES_ERROR;
				GCC_WARN_UNDECLARED_SELECTOR = YES;
				GCC_WARN_UNINITIALIZED_AUTOS = YES_AGGRESSIVE;
				GCC_WARN_UNUSED_FUNCTION = YES;
				GCC_WARN_UNUSED_VARIABLE = YES;
				IPHONEOS_DEPLOYMENT_TARGET = 16.2;
				MTL_ENABLE_DEBUG_INFO = NO;
				MTL_FAST_MATH = YES;
				SDKROOT = iphoneos;
				SWIFT_COMPILATION_MODE = wholemodule;
				SWIFT_OPTIMIZATION_LEVEL = "-O";
				VALIDATE_PRODUCT = YES;
			};
			name = Release;
		};
		BEFAC7E62A9A8AE900661089 /* Debug */ = {
			isa = XCBuildConfiguration;
			buildSettings = {
				ASSETCATALOG_COMPILER_APPICON_NAME = AppIcon;
				ASSETCATALOG_COMPILER_GLOBAL_ACCENT_COLOR_NAME = AccentColor;
				CODE_SIGN_STYLE = Automatic;
				CURRENT_PROJECT_VERSION = 1;
				DEVELOPMENT_TEAM = XW9T242VLK;
				GENERATE_INFOPLIST_FILE = YES;
				INFOPLIST_FILE = Fitty/Info.plist;
				INFOPLIST_KEY_UIApplicationSupportsIndirectInputEvents = YES;
				INFOPLIST_KEY_UILaunchStoryboardName = LaunchScreen;
				INFOPLIST_KEY_UISupportedInterfaceOrientations_iPad = "UIInterfaceOrientationPortrait UIInterfaceOrientationPortraitUpsideDown UIInterfaceOrientationLandscapeLeft UIInterfaceOrientationLandscapeRight";
				INFOPLIST_KEY_UISupportedInterfaceOrientations_iPhone = "UIInterfaceOrientationPortrait UIInterfaceOrientationLandscapeLeft UIInterfaceOrientationLandscapeRight";
				LD_RUNPATH_SEARCH_PATHS = (
					"$(inherited)",
					"@executable_path/Frameworks",
				);
				MARKETING_VERSION = 1.0;
				PRODUCT_BUNDLE_IDENTIFIER = com.harungunes.Fitty;
				PRODUCT_NAME = "$(TARGET_NAME)";
				SWIFT_EMIT_LOC_STRINGS = YES;
				SWIFT_VERSION = 5.0;
				TARGETED_DEVICE_FAMILY = "1,2";
			};
			name = Debug;
		};
		BEFAC7E72A9A8AE900661089 /* Release */ = {
			isa = XCBuildConfiguration;
			buildSettings = {
				ASSETCATALOG_COMPILER_APPICON_NAME = AppIcon;
				ASSETCATALOG_COMPILER_GLOBAL_ACCENT_COLOR_NAME = AccentColor;
				CODE_SIGN_STYLE = Automatic;
				CURRENT_PROJECT_VERSION = 1;
				DEVELOPMENT_TEAM = XW9T242VLK;
				GENERATE_INFOPLIST_FILE = YES;
				INFOPLIST_FILE = Fitty/Info.plist;
				INFOPLIST_KEY_UIApplicationSupportsIndirectInputEvents = YES;
				INFOPLIST_KEY_UILaunchStoryboardName = LaunchScreen;
				INFOPLIST_KEY_UISupportedInterfaceOrientations_iPad = "UIInterfaceOrientationPortrait UIInterfaceOrientationPortraitUpsideDown UIInterfaceOrientationLandscapeLeft UIInterfaceOrientationLandscapeRight";
				INFOPLIST_KEY_UISupportedInterfaceOrientations_iPhone = "UIInterfaceOrientationPortrait UIInterfaceOrientationLandscapeLeft UIInterfaceOrientationLandscapeRight";
				LD_RUNPATH_SEARCH_PATHS = (
					"$(inherited)",
					"@executable_path/Frameworks",
				);
				MARKETING_VERSION = 1.0;
				PRODUCT_BUNDLE_IDENTIFIER = com.harungunes.Fitty;
				PRODUCT_NAME = "$(TARGET_NAME)";
				SWIFT_EMIT_LOC_STRINGS = YES;
				SWIFT_VERSION = 5.0;
				TARGETED_DEVICE_FAMILY = "1,2";
			};
			name = Release;
		};
/* End XCBuildConfiguration section */

/* Begin XCConfigurationList section */
		BEFAC7CC2A9A8ADF00661089 /* Build configuration list for PBXProject "Fitty" */ = {
			isa = XCConfigurationList;
			buildConfigurations = (
				BEFAC7E32A9A8AE900661089 /* Debug */,
				BEFAC7E42A9A8AE900661089 /* Release */,
			);
			defaultConfigurationIsVisible = 0;
			defaultConfigurationName = Release;
		};
		BEFAC7E52A9A8AE900661089 /* Build configuration list for PBXNativeTarget "Fitty" */ = {
			isa = XCConfigurationList;
			buildConfigurations = (
				BEFAC7E62A9A8AE900661089 /* Debug */,
				BEFAC7E72A9A8AE900661089 /* Release */,
			);
			defaultConfigurationIsVisible = 0;
			defaultConfigurationName = Release;
		};
/* End XCConfigurationList section */

/* Begin XCRemoteSwiftPackageReference section */
		BEFAC7EB2A9A8B3E00661089 /* XCRemoteSwiftPackageReference "CombineCocoa" */ = {
			isa = XCRemoteSwiftPackageReference;
			repositoryURL = "https://github.com/CombineCommunity/CombineCocoa";
			requirement = {
				kind = upToNextMinorVersion;
				minimumVersion = 0.4.1;
			};
		};
		BEFAC7EE2A9A8B5B00661089 /* XCRemoteSwiftPackageReference "SnapKit" */ = {
			isa = XCRemoteSwiftPackageReference;
			repositoryURL = "https://github.com/SnapKit/SnapKit";
			requirement = {
				kind = upToNextMinorVersion;
				minimumVersion = 5.6.0;
			};
		};
/* End XCRemoteSwiftPackageReference section */

/* Begin XCSwiftPackageProductDependency section */
		BEFAC7EC2A9A8B3E00661089 /* CombineCocoa */ = {
			isa = XCSwiftPackageProductDependency;
			package = BEFAC7EB2A9A8B3E00661089 /* XCRemoteSwiftPackageReference "CombineCocoa" */;
			productName = CombineCocoa;
		};
		BEFAC7EF2A9A8B5B00661089 /* SnapKit */ = {
			isa = XCSwiftPackageProductDependency;
			package = BEFAC7EE2A9A8B5B00661089 /* XCRemoteSwiftPackageReference "SnapKit" */;
			productName = SnapKit;
		};
/* End XCSwiftPackageProductDependency section */
	};
	rootObject = BEFAC7C92A9A8ADF00661089 /* Project object */;
}
